
Microsoft Visual Studio Solution File, Format Version 12.00
# Visual Studio Version 17
VisualStudioVersion = 17.0.31919.166
MinimumVisualStudioVersion = 10.0.40219.1
Project("{FAE04EC0-301F-11D3-BF4B-00C04F79EFBC}") = "LambdaFilt", "Practical 2\LambdaFilt.csproj", "{D973FB2A-4F5A-4663-8932-1833895296D3}"
EndProject
Project("{FAE04EC0-301F-11D3-BF4B-00C04F79EFBC}") = "LambdaSort", "LambdaSort\LambdaSort.csproj", "{B9CB6B28-21D9-4ACA-A2D7-901EA6F0A487}"
EndProject
Project("{FAE04EC0-301F-11D3-BF4B-00C04F79EFBC}") = "LambdaDel", "LambdaDel\LambdaDel.csproj", "{CE72CBD0-D0AC-43B6-914D-27CA457316D2}"
EndProject
Project("{FAE04EC0-301F-11D3-BF4B-00C04F79EFBC}") = "LambdaGroup", "LambdaGroup\LambdaGroup.csproj", "{9D749BE3-4880-4698-A356-377FA7DE7DF2}"
EndProject
Global
	GlobalSection(SolutionConfigurationPlatforms) = preSolution
		Debug|Any CPU = Debug|Any CPU
		Release|Any CPU = Release|Any CPU
	EndGlobalSection
	GlobalSection(ProjectConfigurationPlatforms) = postSolution
		{D973FB2A-4F5A-4663-8932-1833895296D3}.Debug|Any CPU.ActiveCfg = Debug|Any CPU
		{D973FB2A-4F5A-4663-8932-1833895296D3}.Debug|Any CPU.Build.0 = Debug|Any CPU
		{D973FB2A-4F5A-4663-8932-1833895296D3}.Release|Any CPU.ActiveCfg = Release|Any CPU
		{D973FB2A-4F5A-4663-8932-1833895296D3}.Release|Any CPU.Build.0 = Release|Any CPU
		{B9CB6B28-21D9-4ACA-A2D7-901EA6F0A487}.Debug|Any CPU.ActiveCfg = Debug|Any CPU
		{B9CB6B28-21D9-4ACA-A2D7-901EA6F0A487}.Debug|Any CPU.Build.0 = Debug|Any CPU
		{B9CB6B28-21D9-4ACA-A2D7-901EA6F0A487}.Release|Any CPU.ActiveCfg = Release|Any CPU
		{B9CB6B28-21D9-4ACA-A2D7-901EA6F0A487}.Release|Any CPU.Build.0 = Release|Any CPU
		{CE72CBD0-D0AC-43B6-914D-27CA457316D2}.Debug|Any CPU.ActiveCfg = Debug|Any CPU
		{CE72CBD0-D0AC-43B6-914D-27CA457316D2}.Debug|Any CPU.Build.0 = Debug|Any CPU
		{CE72CBD0-D0AC-43B6-914D-27CA457316D2}.Release|Any CPU.ActiveCfg = Release|Any CPU
		{CE72CBD0-D0AC-43B6-914D-27CA457316D2}.Release|Any CPU.Build.0 = Release|Any CPU
		{9D749BE3-4880-4698-A356-377FA7DE7DF2}.Debug|Any CPU.ActiveCfg = Debug|Any CPU
		{9D749BE3-4880-4698-A356-377FA7DE7DF2}.Debug|Any CPU.Build.0 = Debug|Any CPU
		{9D749BE3-4880-4698-A356-377FA7DE7DF2}.Release|Any CPU.ActiveCfg = Release|Any CPU
		{9D749BE3-4880-4698-A356-377FA7DE7DF2}.Release|Any CPU.Build.0 = Release|Any CPU
	EndGlobalSection
	GlobalSection(SolutionProperties) = preSolution
		HideSolutionNode = FALSE
	EndGlobalSection
	GlobalSection(ExtensibilityGlobals) = postSolution
		SolutionGuid = {8FE0CEC8-5B0A-4FCE-B32D-8AC9D6BF52FE}
	EndGlobalSection
EndGlobal
